
Microsoft Visual Studio Solution File, Format Version 12.00
# Visual Studio Version 17
VisualStudioVersion = 17.3.32825.248
MinimumVisualStudioVersion = 10.0.40219.1
Project("{FAE04EC0-301F-11D3-BF4B-00C04F79EFBC}") = "IT008_Calculator", "IT008_Calculator\IT008_Calculator.csproj", "{87D5EB37-2072-4021-99AE-28E12C991BA5}"
EndProject
Global
	GlobalSection(SolutionConfigurationPlatforms) = preSolution
		Debug|Any CPU = Debug|Any CPU
		Release|Any CPU = Release|Any CPU
	EndGlobalSection
	GlobalSection(ProjectConfigurationPlatforms) = postSolution
		{87D5EB37-2072-4021-99AE-28E12C991BA5}.Debug|Any CPU.ActiveCfg = Debug|Any CPU
		{87D5EB37-2072-4021-99AE-28E12C991BA5}.Debug|Any CPU.Build.0 = Debug|Any CPU
		{87D5EB37-2072-4021-99AE-28E12C991BA5}.Release|Any CPU.ActiveCfg = Release|Any CPU
		{87D5EB37-2072-4021-99AE-28E12C991BA5}.Release|Any CPU.Build.0 = Release|Any CPU
	EndGlobalSection
	GlobalSection(SolutionProperties) = preSolution
		HideSolutionNode = FALSE
	EndGlobalSection
	GlobalSection(ExtensibilityGlobals) = postSolution
		SolutionGuid = {F0EADDA9-64BE-42E8-A0E2-952F6F3E3193}
	EndGlobalSection
EndGlobal
